// !$*UTF8*$!
{
	archiveVersion = 1;
	classes = {
	};
	objectVersion = 56;
	objects = {

/* Begin PBXBuildFile section */
		F20552642B236AFE00E2BC03 /* HeaderView.swift in Sources */ = {isa = PBXBuildFile; fileRef = F20552632B236AFE00E2BC03 /* HeaderView.swift */; };
		F20552662B237C1A00E2BC03 /* HourlyWeatherCell.swift in Sources */ = {isa = PBXBuildFile; fileRef = F20552652B237C1A00E2BC03 /* HourlyWeatherCell.swift */; };
		F20552682B237C2D00E2BC03 /* DailyWeatherCell.swift in Sources */ = {isa = PBXBuildFile; fileRef = F20552672B237C2D00E2BC03 /* DailyWeatherCell.swift */; };
		F21644B22B222E8E007416E7 /* AppDelegate.swift in Sources */ = {isa = PBXBuildFile; fileRef = F21644B12B222E8E007416E7 /* AppDelegate.swift */; };
		F21644B42B222E8E007416E7 /* SceneDelegate.swift in Sources */ = {isa = PBXBuildFile; fileRef = F21644B32B222E8E007416E7 /* SceneDelegate.swift */; };
		F21644B62B222E8E007416E7 /* ViewController.swift in Sources */ = {isa = PBXBuildFile; fileRef = F21644B52B222E8E007416E7 /* ViewController.swift */; };
		F21644BB2B222E90007416E7 /* Assets.xcassets in Resources */ = {isa = PBXBuildFile; fileRef = F21644BA2B222E90007416E7 /* Assets.xcassets */; };
		F21644BE2B222E90007416E7 /* LaunchScreen.storyboard in Resources */ = {isa = PBXBuildFile; fileRef = F21644BC2B222E90007416E7 /* LaunchScreen.storyboard */; };
		F21644C62B222F5D007416E7 /* APIManager.swift in Sources */ = {isa = PBXBuildFile; fileRef = F21644C52B222F5D007416E7 /* APIManager.swift */; };
		F21644C82B222FA2007416E7 /* WeatherModel.swift in Sources */ = {isa = PBXBuildFile; fileRef = F21644C72B222FA2007416E7 /* WeatherModel.swift */; };
		F232D7582B2A550F005AFDA8 /* ResultViewController.swift in Sources */ = {isa = PBXBuildFile; fileRef = F232D7572B2A550F005AFDA8 /* ResultViewController.swift */; };
		F249C2272B2C992200B3050A /* Extension + String.swift in Sources */ = {isa = PBXBuildFile; fileRef = F249C2262B2C992200B3050A /* Extension + String.swift */; };
		F249C22A2B2C9A0300B3050A /* Localizable.strings in Resources */ = {isa = PBXBuildFile; fileRef = F249C22C2B2C9A0300B3050A /* Localizable.strings */; };
		F249C2302B2C9C3300B3050A /* ColorExtension.swift in Sources */ = {isa = PBXBuildFile; fileRef = F29EDFA82B25FB6C007529AC /* ColorExtension.swift */; };
		F29EDFAB2B27800E007529AC /* SearchViewController.swift in Sources */ = {isa = PBXBuildFile; fileRef = F29EDFAA2B27800E007529AC /* SearchViewController.swift */; };
		F29EDFAD2B27919D007529AC /* Timer.swift in Sources */ = {isa = PBXBuildFile; fileRef = F29EDFAC2B27919D007529AC /* Timer.swift */; };
		F2BE96CF2B24C14E00C16572 /* Builder.swift in Sources */ = {isa = PBXBuildFile; fileRef = F2BE96CE2B24C14E00C16572 /* Builder.swift */; };
		F2C39A892B28EF60006E8F67 /* UpdatingCell.swift in Sources */ = {isa = PBXBuildFile; fileRef = F2C39A882B28EF60006E8F67 /* UpdatingCell.swift */; };
		F2C438592B28DE8C002E963C /* LocationManager .swift in Sources */ = {isa = PBXBuildFile; fileRef = F2C438582B28DE8C002E963C /* LocationManager .swift */; };
		F2C4385B2B28DEB4002E963C /* ConnectionManager.swift in Sources */ = {isa = PBXBuildFile; fileRef = F2C4385A2B28DEB4002E963C /* ConnectionManager.swift */; };
/* End PBXBuildFile section */

/* Begin PBXFileReference section */
		F20552632B236AFE00E2BC03 /* HeaderView.swift */ = {isa = PBXFileReference; lastKnownFileType = sourcecode.swift; path = HeaderView.swift; sourceTree = "<group>"; };
		F20552652B237C1A00E2BC03 /* HourlyWeatherCell.swift */ = {isa = PBXFileReference; lastKnownFileType = sourcecode.swift; path = HourlyWeatherCell.swift; sourceTree = "<group>"; };
		F20552672B237C2D00E2BC03 /* DailyWeatherCell.swift */ = {isa = PBXFileReference; lastKnownFileType = sourcecode.swift; path = DailyWeatherCell.swift; sourceTree = "<group>"; };
		F21644AE2B222E8E007416E7 /* WeatherApp.app */ = {isa = PBXFileReference; explicitFileType = wrapper.application; includeInIndex = 0; path = WeatherApp.app; sourceTree = BUILT_PRODUCTS_DIR; };
		F21644B12B222E8E007416E7 /* AppDelegate.swift */ = {isa = PBXFileReference; lastKnownFileType = sourcecode.swift; path = AppDelegate.swift; sourceTree = "<group>"; };
		F21644B32B222E8E007416E7 /* SceneDelegate.swift */ = {isa = PBXFileReference; lastKnownFileType = sourcecode.swift; path = SceneDelegate.swift; sourceTree = "<group>"; };
		F21644B52B222E8E007416E7 /* ViewController.swift */ = {isa = PBXFileReference; lastKnownFileType = sourcecode.swift; path = ViewController.swift; sourceTree = "<group>"; };
		F21644BA2B222E90007416E7 /* Assets.xcassets */ = {isa = PBXFileReference; lastKnownFileType = folder.assetcatalog; path = Assets.xcassets; sourceTree = "<group>"; };
		F21644BD2B222E90007416E7 /* Base */ = {isa = PBXFileReference; lastKnownFileType = file.storyboard; name = Base; path = Base.lproj/LaunchScreen.storyboard; sourceTree = "<group>"; };
		F21644BF2B222E90007416E7 /* Info.plist */ = {isa = PBXFileReference; lastKnownFileType = text.plist.xml; path = Info.plist; sourceTree = "<group>"; };
		F21644C52B222F5D007416E7 /* APIManager.swift */ = {isa = PBXFileReference; lastKnownFileType = sourcecode.swift; path = APIManager.swift; sourceTree = "<group>"; };
		F21644C72B222FA2007416E7 /* WeatherModel.swift */ = {isa = PBXFileReference; lastKnownFileType = sourcecode.swift; path = WeatherModel.swift; sourceTree = "<group>"; };
		F232D7572B2A550F005AFDA8 /* ResultViewController.swift */ = {isa = PBXFileReference; lastKnownFileType = sourcecode.swift; path = ResultViewController.swift; sourceTree = "<group>"; };
		F249C2262B2C992200B3050A /* Extension + String.swift */ = {isa = PBXFileReference; lastKnownFileType = sourcecode.swift; path = "Extension + String.swift"; sourceTree = "<group>"; };
		F249C22B2B2C9A0300B3050A /* en */ = {isa = PBXFileReference; lastKnownFileType = text.plist.strings; name = en; path = en.lproj/Localizable.strings; sourceTree = "<group>"; };
		F249C22D2B2C9A5600B3050A /* ru */ = {isa = PBXFileReference; lastKnownFileType = sourcecode.swift; name = ru; path = ColorExtension.swift; sourceTree = "<group>"; };
		F249C22E2B2C9B6500B3050A /* ru */ = {isa = PBXFileReference; lastKnownFileType = text.plist.strings; name = ru; path = en.lproj/Localizable.strings; sourceTree = "<group>"; };
		F249C22F2B2C9BB800B3050A /* ru */ = {isa = PBXFileReference; lastKnownFileType = text.plist.strings; name = ru; path = ru.lproj/Localizable.strings; sourceTree = "<group>"; };
		F29EDFA82B25FB6C007529AC /* ColorExtension.swift */ = {isa = PBXFileReference; lastKnownFileType = sourcecode.swift; path = ColorExtension.swift; sourceTree = "<group>"; };
		F29EDFAA2B27800E007529AC /* SearchViewController.swift */ = {isa = PBXFileReference; lastKnownFileType = sourcecode.swift; path = SearchViewController.swift; sourceTree = "<group>"; };
		F29EDFAC2B27919D007529AC /* Timer.swift */ = {isa = PBXFileReference; lastKnownFileType = sourcecode.swift; path = Timer.swift; sourceTree = "<group>"; };
		F2BE96CE2B24C14E00C16572 /* Builder.swift */ = {isa = PBXFileReference; lastKnownFileType = sourcecode.swift; path = Builder.swift; sourceTree = "<group>"; };
		F2C39A882B28EF60006E8F67 /* UpdatingCell.swift */ = {isa = PBXFileReference; lastKnownFileType = sourcecode.swift; path = UpdatingCell.swift; sourceTree = "<group>"; };
		F2C438582B28DE8C002E963C /* LocationManager .swift */ = {isa = PBXFileReference; lastKnownFileType = sourcecode.swift; path = "LocationManager .swift"; sourceTree = "<group>"; };
		F2C4385A2B28DEB4002E963C /* ConnectionManager.swift */ = {isa = PBXFileReference; lastKnownFileType = sourcecode.swift; path = ConnectionManager.swift; sourceTree = "<group>"; };
/* End PBXFileReference section */

/* Begin PBXFrameworksBuildPhase section */
		F21644AB2B222E8E007416E7 /* Frameworks */ = {
			isa = PBXFrameworksBuildPhase;
			buildActionMask = 2147483647;
			files = (
			);
			runOnlyForDeploymentPostprocessing = 0;
		};
/* End PBXFrameworksBuildPhase section */

/* Begin PBXGroup section */
		F20552622B236ADE00E2BC03 /* Views */ = {
			isa = PBXGroup;
			children = (
				F20552632B236AFE00E2BC03 /* HeaderView.swift */,
				F20552652B237C1A00E2BC03 /* HourlyWeatherCell.swift */,
				F20552672B237C2D00E2BC03 /* DailyWeatherCell.swift */,
				F2C39A882B28EF60006E8F67 /* UpdatingCell.swift */,
			);
			path = Views;
			sourceTree = "<group>";
		};
		F21644A52B222E8E007416E7 = {
			isa = PBXGroup;
			children = (
				F21644B02B222E8E007416E7 /* WeatherApp */,
				F21644AF2B222E8E007416E7 /* Products */,
			);
			sourceTree = "<group>";
		};
		F21644AF2B222E8E007416E7 /* Products */ = {
			isa = PBXGroup;
			children = (
				F21644AE2B222E8E007416E7 /* WeatherApp.app */,
			);
			name = Products;
			sourceTree = "<group>";
		};
		F21644B02B222E8E007416E7 /* WeatherApp */ = {
			isa = PBXGroup;
			children = (
				F29EDFA72B25FB52007529AC /* Helpers */,
				F2BE96D02B24C83B00C16572 /* ViewBuilder */,
				F20552622B236ADE00E2BC03 /* Views */,
				F21644CB2B222FE4007416E7 /* Managers */,
				F21644C92B222FC8007416E7 /* Controllers */,
				F21644B12B222E8E007416E7 /* AppDelegate.swift */,
				F21644B32B222E8E007416E7 /* SceneDelegate.swift */,
				F21644C72B222FA2007416E7 /* WeatherModel.swift */,
				F21644BA2B222E90007416E7 /* Assets.xcassets */,
				F21644BC2B222E90007416E7 /* LaunchScreen.storyboard */,
				F21644BF2B222E90007416E7 /* Info.plist */,
			);
			path = WeatherApp;
			sourceTree = "<group>";
		};
		F21644C92B222FC8007416E7 /* Controllers */ = {
			isa = PBXGroup;
			children = (
				F21644B52B222E8E007416E7 /* ViewController.swift */,
				F232D7572B2A550F005AFDA8 /* ResultViewController.swift */,
				F29EDFAA2B27800E007529AC /* SearchViewController.swift */,
			);
			path = Controllers;
			sourceTree = "<group>";
		};
		F21644CB2B222FE4007416E7 /* Managers */ = {
			isa = PBXGroup;
			children = (
				F21644C52B222F5D007416E7 /* APIManager.swift */,
				F2C438582B28DE8C002E963C /* LocationManager .swift */,
				F2C4385A2B28DEB4002E963C /* ConnectionManager.swift */,
			);
			path = Managers;
			sourceTree = "<group>";
		};
		F29EDFA72B25FB52007529AC /* Helpers */ = {
			isa = PBXGroup;
			children = (
				F29EDFA82B25FB6C007529AC /* ColorExtension.swift */,
				F29EDFAC2B27919D007529AC /* Timer.swift */,
				F249C2262B2C992200B3050A /* Extension + String.swift */,
				F249C22C2B2C9A0300B3050A /* Localizable.strings */,
			);
			path = Helpers;
			sourceTree = "<group>";
		};
		F2BE96D02B24C83B00C16572 /* ViewBuilder */ = {
			isa = PBXGroup;
			children = (
				F2BE96CE2B24C14E00C16572 /* Builder.swift */,
			);
			path = ViewBuilder;
			sourceTree = "<group>";
		};
/* End PBXGroup section */

/* Begin PBXNativeTarget section */
		F21644AD2B222E8E007416E7 /* WeatherApp */ = {
			isa = PBXNativeTarget;
			buildConfigurationList = F21644C22B222E90007416E7 /* Build configuration list for PBXNativeTarget "WeatherApp" */;
			buildPhases = (
				F21644AA2B222E8E007416E7 /* Sources */,
				F21644AB2B222E8E007416E7 /* Frameworks */,
				F21644AC2B222E8E007416E7 /* Resources */,
			);
			buildRules = (
			);
			dependencies = (
			);
			name = WeatherApp;
			productName = WeatherApp;
			productReference = F21644AE2B222E8E007416E7 /* WeatherApp.app */;
			productType = "com.apple.product-type.application";
		};
/* End PBXNativeTarget section */

/* Begin PBXProject section */
		F21644A62B222E8E007416E7 /* Project object */ = {
			isa = PBXProject;
			attributes = {
				BuildIndependentTargetsInParallel = 1;
				LastSwiftUpdateCheck = 1500;
				LastUpgradeCheck = 1500;
				TargetAttributes = {
					F21644AD2B222E8E007416E7 = {
						CreatedOnToolsVersion = 15.0.1;
					};
				};
			};
			buildConfigurationList = F21644A92B222E8E007416E7 /* Build configuration list for PBXProject "WeatherApp" */;
			compatibilityVersion = "Xcode 14.0";
			developmentRegion = ru;
			hasScannedForEncodings = 0;
			knownRegions = (
				en,
				Base,
				ru,
			);
			mainGroup = F21644A52B222E8E007416E7;
			productRefGroup = F21644AF2B222E8E007416E7 /* Products */;
			projectDirPath = "";
			projectRoot = "";
			targets = (
				F21644AD2B222E8E007416E7 /* WeatherApp */,
			);
		};
/* End PBXProject section */

/* Begin PBXResourcesBuildPhase section */
		F21644AC2B222E8E007416E7 /* Resources */ = {
			isa = PBXResourcesBuildPhase;
			buildActionMask = 2147483647;
			files = (
				F21644BE2B222E90007416E7 /* LaunchScreen.storyboard in Resources */,
				F249C22A2B2C9A0300B3050A /* Localizable.strings in Resources */,
				F21644BB2B222E90007416E7 /* Assets.xcassets in Resources */,
			);
			runOnlyForDeploymentPostprocessing = 0;
		};
/* End PBXResourcesBuildPhase section */

/* Begin PBXSourcesBuildPhase section */
		F21644AA2B222E8E007416E7 /* Sources */ = {
			isa = PBXSourcesBuildPhase;
			buildActionMask = 2147483647;
			files = (
				F2C39A892B28EF60006E8F67 /* UpdatingCell.swift in Sources */,
				F21644C82B222FA2007416E7 /* WeatherModel.swift in Sources */,
				F2C438592B28DE8C002E963C /* LocationManager .swift in Sources */,
				F232D7582B2A550F005AFDA8 /* ResultViewController.swift in Sources */,
				F21644C62B222F5D007416E7 /* APIManager.swift in Sources */,
				F2C4385B2B28DEB4002E963C /* ConnectionManager.swift in Sources */,
				F249C2302B2C9C3300B3050A /* ColorExtension.swift in Sources */,
				F20552682B237C2D00E2BC03 /* DailyWeatherCell.swift in Sources */,
				F29EDFAD2B27919D007529AC /* Timer.swift in Sources */,
				F2BE96CF2B24C14E00C16572 /* Builder.swift in Sources */,
				F21644B62B222E8E007416E7 /* ViewController.swift in Sources */,
				F29EDFAB2B27800E007529AC /* SearchViewController.swift in Sources */,
				F21644B22B222E8E007416E7 /* AppDelegate.swift in Sources */,
				F20552662B237C1A00E2BC03 /* HourlyWeatherCell.swift in Sources */,
				F21644B42B222E8E007416E7 /* SceneDelegate.swift in Sources */,
				F249C2272B2C992200B3050A /* Extension + String.swift in Sources */,
				F20552642B236AFE00E2BC03 /* HeaderView.swift in Sources */,
			);
			runOnlyForDeploymentPostprocessing = 0;
		};
/* End PBXSourcesBuildPhase section */

/* Begin PBXVariantGroup section */
		F21644BC2B222E90007416E7 /* LaunchScreen.storyboard */ = {
			isa = PBXVariantGroup;
			children = (
				F21644BD2B222E90007416E7 /* Base */,
			);
			name = LaunchScreen.storyboard;
			sourceTree = "<group>";
		};
		F249C22C2B2C9A0300B3050A /* Localizable.strings */ = {
			isa = PBXVariantGroup;
			children = (
				F249C22B2B2C9A0300B3050A /* en */,
				F249C22D2B2C9A5600B3050A /* ru */,
				F249C22E2B2C9B6500B3050A /* ru */,
				F249C22F2B2C9BB800B3050A /* ru */,
			);
			name = Localizable.strings;
			sourceTree = "<group>";
		};
/* End PBXVariantGroup section */

/* Begin XCBuildConfiguration section */
		F21644C02B222E90007416E7 /* Debug */ = {
			isa = XCBuildConfiguration;
			buildSettings = {
				ALWAYS_SEARCH_USER_PATHS = NO;
				ASSETCATALOG_COMPILER_GENERATE_SWIFT_ASSET_SYMBOL_EXTENSIONS = YES;
				CLANG_ANALYZER_LOCALIZABILITY_NONLOCALIZED = YES;
				CLANG_ANALYZER_NONNULL = YES;
				CLANG_ANALYZER_NUMBER_OBJECT_CONVERSION = YES_AGGRESSIVE;
				CLANG_CXX_LANGUAGE_STANDARD = "gnu++20";
				CLANG_ENABLE_MODULES = YES;
				CLANG_ENABLE_OBJC_ARC = YES;
				CLANG_ENABLE_OBJC_WEAK = YES;
				CLANG_WARN_BLOCK_CAPTURE_AUTORELEASING = YES;
				CLANG_WARN_BOOL_CONVERSION = YES;
				CLANG_WARN_COMMA = YES;
				CLANG_WARN_CONSTANT_CONVERSION = YES;
				CLANG_WARN_DEPRECATED_OBJC_IMPLEMENTATIONS = YES;
				CLANG_WARN_DIRECT_OBJC_ISA_USAGE = YES_ERROR;
				CLANG_WARN_DOCUMENTATION_COMMENTS = YES;
				CLANG_WARN_EMPTY_BODY = YES;
				CLANG_WARN_ENUM_CONVERSION = YES;
				CLANG_WARN_INFINITE_RECURSION = YES;
				CLANG_WARN_INT_CONVERSION = YES;
				CLANG_WARN_NON_LITERAL_NULL_CONVERSION = YES;
				CLANG_WARN_OBJC_IMPLICIT_RETAIN_SELF = YES;
				CLANG_WARN_OBJC_LITERAL_CONVERSION = YES;
				CLANG_WARN_OBJC_ROOT_CLASS = YES_ERROR;
				CLANG_WARN_QUOTED_INCLUDE_IN_FRAMEWORK_HEADER = YES;
				CLANG_WARN_RANGE_LOOP_ANALYSIS = YES;
				CLANG_WARN_STRICT_PROTOTYPES = YES;
				CLANG_WARN_SUSPICIOUS_MOVE = YES;
				CLANG_WARN_UNGUARDED_AVAILABILITY = YES_AGGRESSIVE;
				CLANG_WARN_UNREACHABLE_CODE = YES;
				CLANG_WARN__DUPLICATE_METHOD_MATCH = YES;
				COPY_PHASE_STRIP = NO;
				DEBUG_INFORMATION_FORMAT = dwarf;
				ENABLE_STRICT_OBJC_MSGSEND = YES;
				ENABLE_TESTABILITY = YES;
				ENABLE_USER_SCRIPT_SANDBOXING = YES;
				GCC_C_LANGUAGE_STANDARD = gnu17;
				GCC_DYNAMIC_NO_PIC = NO;
				GCC_NO_COMMON_BLOCKS = YES;
				GCC_OPTIMIZATION_LEVEL = 0;
				GCC_PREPROCESSOR_DEFINITIONS = (
					"DEBUG=1",
					"$(inherited)",
				);
				GCC_WARN_64_TO_32_BIT_CONVERSION = YES;
				GCC_WARN_ABOUT_RETURN_TYPE = YES_ERROR;
				GCC_WARN_UNDECLARED_SELECTOR = YES;
				GCC_WARN_UNINITIALIZED_AUTOS = YES_AGGRESSIVE;
				GCC_WARN_UNUSED_FUNCTION = YES;
				GCC_WARN_UNUSED_VARIABLE = YES;
				IPHONEOS_DEPLOYMENT_TARGET = 17.0;
				LOCALIZATION_PREFERS_STRING_CATALOGS = YES;
				MTL_ENABLE_DEBUG_INFO = INCLUDE_SOURCE;
				MTL_FAST_MATH = YES;
				ONLY_ACTIVE_ARCH = YES;
				SDKROOT = iphoneos;
				SWIFT_ACTIVE_COMPILATION_CONDITIONS = "DEBUG $(inherited)";
				SWIFT_OPTIMIZATION_LEVEL = "-Onone";
			};
			name = Debug;
		};
		F21644C12B222E90007416E7 /* Release */ = {
			isa = XCBuildConfiguration;
			buildSettings = {
				ALWAYS_SEARCH_USER_PATHS = NO;
				ASSETCATALOG_COMPILER_GENERATE_SWIFT_ASSET_SYMBOL_EXTENSIONS = YES;
				CLANG_ANALYZER_LOCALIZABILITY_NONLOCALIZED = YES;
				CLANG_ANALYZER_NONNULL = YES;
				CLANG_ANALYZER_NUMBER_OBJECT_CONVERSION = YES_AGGRESSIVE;
				CLANG_CXX_LANGUAGE_STANDARD = "gnu++20";
				CLANG_ENABLE_MODULES = YES;
				CLANG_ENABLE_OBJC_ARC = YES;
				CLANG_ENABLE_OBJC_WEAK = YES;
				CLANG_WARN_BLOCK_CAPTURE_AUTORELEASING = YES;
				CLANG_WARN_BOOL_CONVERSION = YES;
				CLANG_WARN_COMMA = YES;
				CLANG_WARN_CONSTANT_CONVERSION = YES;
				CLANG_WARN_DEPRECATED_OBJC_IMPLEMENTATIONS = YES;
				CLANG_WARN_DIRECT_OBJC_ISA_USAGE = YES_ERROR;
				CLANG_WARN_DOCUMENTATION_COMMENTS = YES;
				CLANG_WARN_EMPTY_BODY = YES;
				CLANG_WARN_ENUM_CONVERSION = YES;
				CLANG_WARN_INFINITE_RECURSION = YES;
				CLANG_WARN_INT_CONVERSION = YES;
				CLANG_WARN_NON_LITERAL_NULL_CONVERSION = YES;
				CLANG_WARN_OBJC_IMPLICIT_RETAIN_SELF = YES;
				CLANG_WARN_OBJC_LITERAL_CONVERSION = YES;
				CLANG_WARN_OBJC_ROOT_CLASS = YES_ERROR;
				CLANG_WARN_QUOTED_INCLUDE_IN_FRAMEWORK_HEADER = YES;
				CLANG_WARN_RANGE_LOOP_ANALYSIS = YES;
				CLANG_WARN_STRICT_PROTOTYPES = YES;
				CLANG_WARN_SUSPICIOUS_MOVE = YES;
				CLANG_WARN_UNGUARDED_AVAILABILITY = YES_AGGRESSIVE;
				CLANG_WARN_UNREACHABLE_CODE = YES;
				CLANG_WARN__DUPLICATE_METHOD_MATCH = YES;
				COPY_PHASE_STRIP = NO;
				DEBUG_INFORMATION_FORMAT = "dwarf-with-dsym";
				ENABLE_NS_ASSERTIONS = NO;
				ENABLE_STRICT_OBJC_MSGSEND = YES;
				ENABLE_USER_SCRIPT_SANDBOXING = YES;
				GCC_C_LANGUAGE_STANDARD = gnu17;
				GCC_NO_COMMON_BLOCKS = YES;
				GCC_WARN_64_TO_32_BIT_CONVERSION = YES;
				GCC_WARN_ABOUT_RETURN_TYPE = YES_ERROR;
				GCC_WARN_UNDECLARED_SELECTOR = YES;
				GCC_WARN_UNINITIALIZED_AUTOS = YES_AGGRESSIVE;
				GCC_WARN_UNUSED_FUNCTION = YES;
				GCC_WARN_UNUSED_VARIABLE = YES;
				IPHONEOS_DEPLOYMENT_TARGET = 17.0;
				LOCALIZATION_PREFERS_STRING_CATALOGS = YES;
				MTL_ENABLE_DEBUG_INFO = NO;
				MTL_FAST_MATH = YES;
				SDKROOT = iphoneos;
				SWIFT_COMPILATION_MODE = wholemodule;
				VALIDATE_PRODUCT = YES;
			};
			name = Release;
		};
		F21644C32B222E90007416E7 /* Debug */ = {
			isa = XCBuildConfiguration;
			buildSettings = {
				ASSETCATALOG_COMPILER_APPICON_NAME = AppIcon;
				ASSETCATALOG_COMPILER_GLOBAL_ACCENT_COLOR_NAME = AccentColor;
				CODE_SIGN_STYLE = Automatic;
				CURRENT_PROJECT_VERSION = 1;
				DEVELOPMENT_TEAM = D72SRF9P4B;
				GENERATE_INFOPLIST_FILE = YES;
				INFOPLIST_FILE = WeatherApp/Info.plist;
				INFOPLIST_KEY_NSLocationWhenInUseUsageDescription = "Запрос на использование геоданных ";
				INFOPLIST_KEY_UIApplicationSupportsIndirectInputEvents = YES;
				INFOPLIST_KEY_UILaunchStoryboardName = LaunchScreen;
				INFOPLIST_KEY_UISupportedInterfaceOrientations = UIInterfaceOrientationPortrait;
				INFOPLIST_KEY_UISupportedInterfaceOrientations_iPad = "UIInterfaceOrientationLandscapeLeft UIInterfaceOrientationLandscapeRight UIInterfaceOrientationPortrait UIInterfaceOrientationPortraitUpsideDown";
				LD_RUNPATH_SEARCH_PATHS = (
					"$(inherited)",
					"@executable_path/Frameworks",
				);
				MARKETING_VERSION = 1.0;
				PRODUCT_BUNDLE_IDENTIFIER = "ezepchuk-2011-mail.ru.WeatherApp";
				PRODUCT_NAME = "$(TARGET_NAME)";
				SUPPORTED_PLATFORMS = "iphoneos iphonesimulator";
				SUPPORTS_MACCATALYST = NO;
				SUPPORTS_MAC_DESIGNED_FOR_IPHONE_IPAD = NO;
				SWIFT_EMIT_LOC_STRINGS = YES;
				SWIFT_VERSION = 5.0;
				TARGETED_DEVICE_FAMILY = 1;
			};
			name = Debug;
		};
		F21644C42B222E90007416E7 /* Release */ = {
			isa = XCBuildConfiguration;
			buildSettings = {
				ASSETCATALOG_COMPILER_APPICON_NAME = AppIcon;
				ASSETCATALOG_COMPILER_GLOBAL_ACCENT_COLOR_NAME = AccentColor;
				CODE_SIGN_STYLE = Automatic;
				CURRENT_PROJECT_VERSION = 1;
				DEVELOPMENT_TEAM = D72SRF9P4B;
				GENERATE_INFOPLIST_FILE = YES;
				INFOPLIST_FILE = WeatherApp/Info.plist;
				INFOPLIST_KEY_NSLocationWhenInUseUsageDescription = "Запрос на использование геоданных ";
				INFOPLIST_KEY_UIApplicationSupportsIndirectInputEvents = YES;
				INFOPLIST_KEY_UILaunchStoryboardName = LaunchScreen;
				INFOPLIST_KEY_UISupportedInterfaceOrientations = UIInterfaceOrientationPortrait;
				INFOPLIST_KEY_UISupportedInterfaceOrientations_iPad = "UIInterfaceOrientationLandscapeLeft UIInterfaceOrientationLandscapeRight UIInterfaceOrientationPortrait UIInterfaceOrientationPortraitUpsideDown";
				LD_RUNPATH_SEARCH_PATHS = (
					"$(inherited)",
					"@executable_path/Frameworks",
				);
				MARKETING_VERSION = 1.0;
				PRODUCT_BUNDLE_IDENTIFIER = "ezepchuk-2011-mail.ru.WeatherApp";
				PRODUCT_NAME = "$(TARGET_NAME)";
				SUPPORTED_PLATFORMS = "iphoneos iphonesimulator";
				SUPPORTS_MACCATALYST = NO;
				SUPPORTS_MAC_DESIGNED_FOR_IPHONE_IPAD = NO;
				SWIFT_EMIT_LOC_STRINGS = YES;
				SWIFT_VERSION = 5.0;
				TARGETED_DEVICE_FAMILY = 1;
			};
			name = Release;
		};
/* End XCBuildConfiguration section */

/* Begin XCConfigurationList section */
		F21644A92B222E8E007416E7 /* Build configuration list for PBXProject "WeatherApp" */ = {
			isa = XCConfigurationList;
			buildConfigurations = (
				F21644C02B222E90007416E7 /* Debug */,
				F21644C12B222E90007416E7 /* Release */,
			);
			defaultConfigurationIsVisible = 0;
			defaultConfigurationName = Release;
		};
		F21644C22B222E90007416E7 /* Build configuration list for PBXNativeTarget "WeatherApp" */ = {
			isa = XCConfigurationList;
			buildConfigurations = (
				F21644C32B222E90007416E7 /* Debug */,
				F21644C42B222E90007416E7 /* Release */,
			);
			defaultConfigurationIsVisible = 0;
			defaultConfigurationName = Release;
		};
/* End XCConfigurationList section */
	};
	rootObject = F21644A62B222E8E007416E7 /* Project object */;
}
